
Microsoft Visual Studio Solution File, Format Version 12.00
# Visual Studio Version 17
VisualStudioVersion = 17.11.35327.3
MinimumVisualStudioVersion = 10.0.40219.1
Project("{FAE04EC0-301F-11D3-BF4B-00C04F79EFBC}") = "Target4_faturamentomensal", "Target4_faturamentomensal.csproj", "{47702A21-6A2F-440E-834B-142D8E569CD5}"
EndProject
Global
	GlobalSection(SolutionConfigurationPlatforms) = preSolution
		Debug|Any CPU = Debug|Any CPU
		Release|Any CPU = Release|Any CPU
	EndGlobalSection
	GlobalSection(ProjectConfigurationPlatforms) = postSolution
		{47702A21-6A2F-440E-834B-142D8E569CD5}.Debug|Any CPU.ActiveCfg = Debug|Any CPU
		{47702A21-6A2F-440E-834B-142D8E569CD5}.Debug|Any CPU.Build.0 = Debug|Any CPU
		{47702A21-6A2F-440E-834B-142D8E569CD5}.Release|Any CPU.ActiveCfg = Release|Any CPU
		{47702A21-6A2F-440E-834B-142D8E569CD5}.Release|Any CPU.Build.0 = Release|Any CPU
	EndGlobalSection
	GlobalSection(SolutionProperties) = preSolution
		HideSolutionNode = FALSE
	EndGlobalSection
	GlobalSection(ExtensibilityGlobals) = postSolution
		SolutionGuid = {3A710252-65E9-4193-96B7-70E8A459D322}
	EndGlobalSection
EndGlobal
