
Microsoft Visual Studio Solution File, Format Version 12.00
# Visual Studio Version 17
VisualStudioVersion = 17.11.35327.3
MinimumVisualStudioVersion = 10.0.40219.1
Project("{FAE04EC0-301F-11D3-BF4B-00C04F79EFBC}") = "Target3_faturamentodiario", "Target3_faturamentodiario.csproj", "{8DAC0307-3D21-4B4B-8D18-8AB4DA034BDD}"
EndProject
Global
	GlobalSection(SolutionConfigurationPlatforms) = preSolution
		Debug|Any CPU = Debug|Any CPU
		Release|Any CPU = Release|Any CPU
	EndGlobalSection
	GlobalSection(ProjectConfigurationPlatforms) = postSolution
		{8DAC0307-3D21-4B4B-8D18-8AB4DA034BDD}.Debug|Any CPU.ActiveCfg = Debug|Any CPU
		{8DAC0307-3D21-4B4B-8D18-8AB4DA034BDD}.Debug|Any CPU.Build.0 = Debug|Any CPU
		{8DAC0307-3D21-4B4B-8D18-8AB4DA034BDD}.Release|Any CPU.ActiveCfg = Release|Any CPU
		{8DAC0307-3D21-4B4B-8D18-8AB4DA034BDD}.Release|Any CPU.Build.0 = Release|Any CPU
	EndGlobalSection
	GlobalSection(SolutionProperties) = preSolution
		HideSolutionNode = FALSE
	EndGlobalSection
	GlobalSection(ExtensibilityGlobals) = postSolution
		SolutionGuid = {E6AFA0E7-AB05-45E4-B998-6410DCB2C367}
	EndGlobalSection
EndGlobal
